// !$*UTF8*$!
{
	archiveVersion = 1;
	classes = {
	};
	objectVersion = 56;
	objects = {

/* Begin PBXBuildFile section */
		00B8A001 /* AppDelegate.mm in Sources */ = {isa = PBXBuildFile; fileRef = 01A9A101 /* AppDelegate.mm */; };
		00B8A002 /* main.m in Sources */ = {isa = PBXBuildFile; fileRef = 01A9A102 /* main.m */; };
		00B8A003 /* UtilsModule.m in Sources */ = {isa = PBXBuildFile; fileRef = 01A9A109 /* UtilsModule.m */; };
		00B8A004 /* CacheModule.m in Sources */ = {isa = PBXBuildFile; fileRef = 01A9A10B /* CacheModule.m */; };
		00B8A005 /* CryptoModule.m in Sources */ = {isa = PBXBuildFile; fileRef = 01A9A10D /* CryptoModule.m */; };
		00B8A006 /* LyricModule.m in Sources */ = {isa = PBXBuildFile; fileRef = 01A9A10F /* LyricModule.m */; };
		00B8A007 /* MusicWidgetModule.m in Sources */ = {isa = PBXBuildFile; fileRef = 01A9A111 /* MusicWidgetModule.m */; };
		00B8A008 /* UserApiModule.m in Sources */ = {isa = PBXBuildFile; fileRef = 01A9A113 /* UserApiModule.m */; };
		00B8A010 /* LaunchScreen.storyboard in Resources */ = {isa = PBXBuildFile; fileRef = 01A9A106 /* LaunchScreen.storyboard */; };
		00B8A012 /* Foundation.framework in Frameworks */ = {isa = PBXBuildFile; fileRef = 01A9A115 /* Foundation.framework */; };
		00B8A013 /* UIKit.framework in Frameworks */ = {isa = PBXBuildFile; fileRef = 01A9A116 /* UIKit.framework */; };
		00B8A014 /* AudioToolbox.framework in Frameworks */ = {isa = PBXBuildFile; fileRef = 01A9A117 /* AudioToolbox.framework */; };
		00B8A015 /* AVFoundation.framework in Frameworks */ = {isa = PBXBuildFile; fileRef = 01A9A118 /* AVFoundation.framework */; };
		00B8A016 /* CFNetwork.framework in Frameworks */ = {isa = PBXBuildFile; fileRef = 01A9A119 /* CFNetwork.framework */; };
		00B8A017 /* Security.framework in Frameworks */ = {isa = PBXBuildFile; fileRef = 01A9A11A /* Security.framework */; };
		00B8A018 /* UserNotifications.framework in Frameworks */ = {isa = PBXBuildFile; fileRef = 01A9A11B /* UserNotifications.framework */; };
		00B8A019 /* libc++.tbd in Frameworks */ = {isa = PBXBuildFile; fileRef = 01A9A11C /* libc++.tbd */; };
		00B8A01A /* libresolv.tbd in Frameworks */ = {isa = PBXBuildFile; fileRef = 01A9A11D /* libresolv.tbd */; };
/* End PBXBuildFile section */

/* Begin PBXFileReference section */
		01A9A101 /* AppDelegate.mm */ = {isa = PBXFileReference; lastKnownFileType = sourcecode.cpp.objcpp; path = AppDelegate.mm; sourceTree = "<group>"; };
		01A9A102 /* main.m */ = {isa = PBXFileReference; lastKnownFileType = sourcecode.c.objc; path = main.m; sourceTree = "<group>"; };
		01A9A103 /* AppDelegate.h */ = {isa = PBXFileReference; lastKnownFileType = sourcecode.c.h; path = AppDelegate.h; sourceTree = "<group>"; };
		01A9A104 /* Info.plist */ = {isa = PBXFileReference; lastKnownFileType = text.plist.xml; path = Info.plist; sourceTree = "<group>"; };
		01A9A106 /* LaunchScreen.storyboard */ = {isa = PBXFileReference; lastKnownFileType = file.storyboard; path = LaunchScreen.storyboard; sourceTree = "<group>"; };
		01A9A108 /* UtilsModule.h */ = {isa = PBXFileReference; lastKnownFileType = sourcecode.c.h; path = UtilsModule.h; sourceTree = "<group>"; };
		01A9A109 /* UtilsModule.m */ = {isa = PBXFileReference; lastKnownFileType = sourcecode.c.objc; path = UtilsModule.m; sourceTree = "<group>"; };
		01A9A10A /* CacheModule.h */ = {isa = PBXFileReference; lastKnownFileType = sourcecode.c.h; path = CacheModule.h; sourceTree = "<group>"; };
		01A9A10B /* CacheModule.m */ = {isa = PBXFileReference; lastKnownFileType = sourcecode.c.objc; path = CacheModule.m; sourceTree = "<group>"; };
		01A9A10C /* CryptoModule.h */ = {isa = PBXFileReference; lastKnownFileType = sourcecode.c.h; path = CryptoModule.h; sourceTree = "<group>"; };
		01A9A10D /* CryptoModule.m */ = {isa = PBXFileReference; lastKnownFileType = sourcecode.c.objc; path = CryptoModule.m; sourceTree = "<group>"; };
		01A9A10E /* LyricModule.h */ = {isa = PBXFileReference; lastKnownFileType = sourcecode.c.h; path = LyricModule.h; sourceTree = "<group>"; };
		01A9A10F /* LyricModule.m */ = {isa = PBXFileReference; lastKnownFileType = sourcecode.c.objc; path = LyricModule.m; sourceTree = "<group>"; };
		01A9A110 /* MusicWidgetModule.h */ = {isa = PBXFileReference; lastKnownFileType = sourcecode.c.h; path = MusicWidgetModule.h; sourceTree = "<group>"; };
		01A9A111 /* MusicWidgetModule.m */ = {isa = PBXFileReference; lastKnownFileType = sourcecode.c.objc; path = MusicWidgetModule.m; sourceTree = "<group>"; };
		01A9A112 /* UserApiModule.h */ = {isa = PBXFileReference; lastKnownFileType = sourcecode.c.h; path = UserApiModule.h; sourceTree = "<group>"; };
		01A9A113 /* UserApiModule.m */ = {isa = PBXFileReference; lastKnownFileType = sourcecode.c.objc; path = UserApiModule.m; sourceTree = "<group>"; };
		01A9A114 /* LxMusic.app */ = {isa = PBXFileReference; explicitFileType = wrapper.application; includeInIndex = 0; path = LxMusic.app; sourceTree = BUILT_PRODUCTS_DIR; };
		01A9A115 /* Foundation.framework */ = {isa = PBXFileReference; lastKnownFileType = wrapper.framework; name = Foundation.framework; path = System/Library/Frameworks/Foundation.framework; sourceTree = SDKROOT; };
		01A9A116 /* UIKit.framework */ = {isa = PBXFileReference; lastKnownFileType = wrapper.framework; name = UIKit.framework; path = System/Library/Frameworks/UIKit.framework; sourceTree = SDKROOT; };
		01A9A117 /* AudioToolbox.framework */ = {isa = PBXFileReference; lastKnownFileType = wrapper.framework; name = AudioToolbox.framework; path = System/Library/Frameworks/AudioToolbox.framework; sourceTree = SDKROOT; };
		01A9A118 /* AVFoundation.framework */ = {isa = PBXFileReference; lastKnownFileType = wrapper.framework; name = AVFoundation.framework; path = System/Library/Frameworks/AVFoundation.framework; sourceTree = SDKROOT; };
		01A9A119 /* CFNetwork.framework */ = {isa = PBXFileReference; lastKnownFileType = wrapper.framework; name = CFNetwork.framework; path = System/Library/Frameworks/CFNetwork.framework; sourceTree = SDKROOT; };
		01A9A11A /* Security.framework */ = {isa = PBXFileReference; lastKnownFileType = wrapper.framework; name = Security.framework; path = System/Library/Frameworks/Security.framework; sourceTree = SDKROOT; };
		01A9A11B /* UserNotifications.framework */ = {isa = PBXFileReference; lastKnownFileType = wrapper.framework; name = UserNotifications.framework; path = System/Library/Frameworks/UserNotifications.framework; sourceTree = SDKROOT; };
		01A9A11C /* libc++.tbd */ = {isa = PBXFileReference; lastKnownFileType = "sourcecode.text-based-dylib-definition"; name = "libc++.tbd"; path = "usr/lib/libc++.tbd"; sourceTree = SDKROOT; };
		01A9A11D /* libresolv.tbd */ = {isa = PBXFileReference; lastKnownFileType = "sourcecode.text-based-dylib-definition"; name = "libresolv.tbd"; path = "usr/lib/libresolv.tbd"; sourceTree = SDKROOT; };
/* End PBXFileReference section */

/* Begin PBXFrameworksBuildPhase section */
		06D0B001 /* Frameworks */ = {
			isa = PBXFrameworksBuildPhase;
			buildActionMask = 2147483647;
			files = (
				00B8A012 /* Foundation.framework in Frameworks */,
				00B8A013 /* UIKit.framework in Frameworks */,
				00B8A014 /* AudioToolbox.framework in Frameworks */,
				00B8A015 /* AVFoundation.framework in Frameworks */,
				00B8A016 /* CFNetwork.framework in Frameworks */,
				00B8A017 /* Security.framework in Frameworks */,
				00B8A018 /* UserNotifications.framework in Frameworks */,
				00B8A019 /* libc++.tbd in Frameworks */,
				00B8A01A /* libresolv.tbd in Frameworks */,
			);
			runOnlyForDeploymentPostprocessing = 0;
		};
/* End PBXFrameworksBuildPhase section */

/* Begin PBXGroup section */
		02C7C001 = {
			isa = PBXGroup;
			children = (
				02C7C002 /* LxMusic */,
				02C7C003 /* Frameworks */,
				02C7C004 /* Products */,
			);
			sourceTree = "<group>";
		};
		02C7C002 /* LxMusic */ = {
			isa = PBXGroup;
			children = (
				01A9A101 /* AppDelegate.mm */,
				01A9A102 /* main.m */,
				01A9A103 /* AppDelegate.h */,
				01A9A104 /* Info.plist */,
				01A9A106 /* LaunchScreen.storyboard */,
						01A9A108 /* UtilsModule.h */,
				01A9A109 /* UtilsModule.m */,
				01A9A10A /* CacheModule.h */,
				01A9A10B /* CacheModule.m */,
				01A9A10C /* CryptoModule.h */,
				01A9A10D /* CryptoModule.m */,
				01A9A10E /* LyricModule.h */,
				01A9A10F /* LyricModule.m */,
				01A9A110 /* MusicWidgetModule.h */,
				01A9A111 /* MusicWidgetModule.m */,
				01A9A112 /* UserApiModule.h */,
				01A9A113 /* UserApiModule.m */,
			);
			name = LxMusic;
			path = LxMusic;
			sourceTree = "<group>";
		};
		02C7C003 /* Frameworks */ = {
			isa = PBXGroup;
			children = (
				01A9A115 /* Foundation.framework */,
				01A9A116 /* UIKit.framework */,
				01A9A117 /* AudioToolbox.framework */,
				01A9A118 /* AVFoundation.framework */,
				01A9A119 /* CFNetwork.framework */,
				01A9A11A /* Security.framework */,
				01A9A11B /* UserNotifications.framework */,
				01A9A11C /* libc++.tbd */,
				01A9A11D /* libresolv.tbd */,
			);
			name = Frameworks;
			sourceTree = "<group>";
		};
		02C7C004 /* Products */ = {
			isa = PBXGroup;
			children = (
				01A9A114 /* LxMusic.app */,
			);
			name = Products;
			sourceTree = "<group>";
		};
/* End PBXGroup section */

/* Begin PBXNativeTarget section */
		03E5D001 /* LxMusic */ = {
			isa = PBXNativeTarget;
			buildConfigurationList = 08A0E001 /* Build configuration list for PBXNativeTarget "LxMusic" */;
			buildPhases = (
				05F1C001 /* Sources */,
				06D0B001 /* Frameworks */,
				07B0B001 /* Resources */,
			);
			buildRules = (
			);
			dependencies = (
			);
			name = LxMusic;
			productName = LxMusic;
			productReference = 01A9A114 /* LxMusic.app */;
			productType = "com.apple.product-type.application";
		};
/* End PBXNativeTarget section */

/* Begin PBXProject section */
		04F3E001 /* Project object */ = {
			isa = PBXProject;
			attributes = {
				BuildIndependentTargetsInParallel = 1;
				LastSwiftUpdateCheck = 1500;
				LastUpgradeCheck = 1500;
			};
			buildConfigurationList = 09C0F001 /* Build configuration list for PBXProject "LxMusic" */;
			compatibilityVersion = "Xcode 14.0";
			developmentRegion = "zh-Hans";
			hasScannedForEncodings = 0;
			knownRegions = (
				en,
				"zh-Hans",
				Base,
			);
			mainGroup = 02C7C001;
			productRefGroup = 02C7C004 /* Products */;
			projectDirPath = "";
			projectRoot = "";
			targets = (
				03E5D001 /* LxMusic */,
			);
		};
/* End PBXProject section */

/* Begin PBXResourcesBuildPhase section */
		07B0B001 /* Resources */ = {
			isa = PBXResourcesBuildPhase;
			buildActionMask = 2147483647;
			files = (
				00B8A010 /* LaunchScreen.storyboard in Resources */,
					);
			runOnlyForDeploymentPostprocessing = 0;
		};
/* End PBXResourcesBuildPhase section */

/* Begin PBXSourcesBuildPhase section */
		05F1C001 /* Sources */ = {
			isa = PBXSourcesBuildPhase;
			buildActionMask = 2147483647;
			files = (
				00B8A001 /* AppDelegate.mm in Sources */,
				00B8A002 /* main.m in Sources */,
				00B8A003 /* UtilsModule.m in Sources */,
				00B8A004 /* CacheModule.m in Sources */,
				00B8A005 /* CryptoModule.m in Sources */,
				00B8A006 /* LyricModule.m in Sources */,
				00B8A007 /* MusicWidgetModule.m in Sources */,
				00B8A008 /* UserApiModule.m in Sources */,
			);
			runOnlyForDeploymentPostprocessing = 0;
		};
/* End PBXSourcesBuildPhase section */

/* Begin XCBuildConfiguration section */
		0A00D010 /* Debug */ = {
			isa = XCBuildConfiguration;
			buildSettings = {
				ALWAYS_SEARCH_USER_PATHS = NO;
				CLANG_ENABLE_MODULES = YES;
				CODE_SIGNING_ALLOWED = NO;
				CODE_SIGN_STYLE = Manual;
				CURRENT_PROJECT_VERSION = 70;
				DEBUG_INFORMATION_FORMAT = dwarf;
				ENABLE_STRICT_OBJC_MSGSEND = YES;
				ENABLE_TESTABILITY = YES;
				GCC_DYNAMIC_NO_PIC = NO;
				GCC_OPTIMIZATION_LEVEL = 0;
				INFOPLIST_FILE = LxMusic/Info.plist;
				IPHONEOS_DEPLOYMENT_TARGET = 16.1;
				LD_RUNPATH_SEARCH_PATHS = (
					"$(inherited)",
					"@executable_path/Frameworks",
				);
				MARKETING_VERSION = 1.8.85;
				MTL_ENABLE_DEBUG_INFO = INCLUDE_SOURCE;
				ONLY_ACTIVE_ARCH = YES;
				PRODUCT_BUNDLE_IDENTIFIER = com.lxmusic.ios;
				PRODUCT_NAME = LxMusic;
				PROVISIONING_PROFILE_SPECIFIER = "";
				TARGETED_DEVICE_FAMILY = "1,2";
				USE_HEADERMAP = NO;
			};
			name = Debug;
		};
		0A00D020 /* Release */ = {
			isa = XCBuildConfiguration;
			buildSettings = {
				ALWAYS_SEARCH_USER_PATHS = NO;
				CLANG_ENABLE_MODULES = YES;
				CODE_SIGNING_ALLOWED = NO;
				CODE_SIGN_STYLE = Manual;
				CURRENT_PROJECT_VERSION = 70;
				DEBUG_INFORMATION_FORMAT = "dwarf-with-dsym";
				ENABLE_NS_ASSERTIONS = NO;
				ENABLE_STRICT_OBJC_MSGSEND = YES;
				GCC_OPTIMIZATION_LEVEL = s;
				INFOPLIST_FILE = LxMusic/Info.plist;
				IPHONEOS_DEPLOYMENT_TARGET = 16.1;
				LD_RUNPATH_SEARCH_PATHS = (
					"$(inherited)",
					"@executable_path/Frameworks",
				);
				MARKETING_VERSION = 1.8.85;
				MTL_ENABLE_DEBUG_INFO = NO;
				PRODUCT_BUNDLE_IDENTIFIER = com.lxmusic.ios;
				PRODUCT_NAME = LxMusic;
				PROVISIONING_PROFILE_SPECIFIER = "";
				TARGETED_DEVICE_FAMILY = "1,2";
				USE_HEADERMAP = NO;
			};
			name = Release;
		};
		0A00D030 /* Debug */ = {
			isa = XCBuildConfiguration;
			buildSettings = {
				ALWAYS_SEARCH_USER_PATHS = NO;
				CLANG_ANALYZER_NONNULL = YES;
				CLANG_CXX_LANGUAGE_STANDARD = "gnu++20";
				CLANG_ENABLE_MODULES = YES;
				CLANG_ENABLE_OBJC_ARC = YES;
				CLANG_ENABLE_OBJC_WEAK = YES;
				COPY_PHASE_STRIP = NO;
				DEBUG_INFORMATION_FORMAT = dwarf;
				ENABLE_STRICT_OBJC_MSGSEND = YES;
				ENABLE_TESTABILITY = YES;
				GCC_DYNAMIC_NO_PIC = NO;
				GCC_OPTIMIZATION_LEVEL = 0;
				IPHONEOS_DEPLOYMENT_TARGET = 16.1;
				MTL_ENABLE_DEBUG_INFO = INCLUDE_SOURCE;
				ONLY_ACTIVE_ARCH = YES;
				SWIFT_VERSION = 5.0;
			};
			name = Debug;
		};
		0A00D040 /* Release */ = {
			isa = XCBuildConfiguration;
			buildSettings = {
				ALWAYS_SEARCH_USER_PATHS = NO;
				CLANG_ANALYZER_NONNULL = YES;
				CLANG_CXX_LANGUAGE_STANDARD = "gnu++20";
				CLANG_ENABLE_MODULES = YES;
				CLANG_ENABLE_OBJC_ARC = YES;
				CLANG_ENABLE_OBJC_WEAK = YES;
				COPY_PHASE_STRIP = NO;
				DEBUG_INFORMATION_FORMAT = "dwarf-with-dsym";
				ENABLE_NS_ASSERTIONS = NO;
				ENABLE_STRICT_OBJC_MSGSEND = YES;
				GCC_OPTIMIZATION_LEVEL = s;
				IPHONEOS_DEPLOYMENT_TARGET = 16.1;
				MTL_ENABLE_DEBUG_INFO = NO;
				SWIFT_VERSION = 5.0;
			};
			name = Release;
		};
/* End XCBuildConfiguration section */

/* Begin XCConfigurationList section */
		08A0E001 /* Build configuration list for PBXNativeTarget "LxMusic" */ = {
			isa = XCConfigurationList;
			buildConfigurations = (
				0A00D010 /* Debug */,
				0A00D020 /* Release */,
			);
			defaultConfigurationIsVisible = 0;
			defaultConfigurationName = Release;
		};
		09C0F001 /* Build configuration list for PBXProject "LxMusic" */ = {
			isa = XCConfigurationList;
			buildConfigurations = (
				0A00D030 /* Debug */,
				0A00D040 /* Release */,
			);
			defaultConfigurationIsVisible = 0;
			defaultConfigurationName = Release;
		};
/* End XCConfigurationList section */
	};
	rootObject = 04F3E001 /* Project object */;
}
